
Microsoft Visual Studio Solution File, Format Version 12.00
# Visual Studio Version 17
VisualStudioVersion = 17.7.34202.233
MinimumVisualStudioVersion = 10.0.40219.1
Project("{9A19103F-16F7-4668-BE54-9A1E7A4F7556}") = "AttendanceAPI2.Presentation", "AttendanceAPI2.Presentation.csproj", "{F93DB46F-5D9F-45F9-94C9-257CDE88B914}"
EndProject
Project("{FAE04EC0-301F-11D3-BF4B-00C04F79EFBC}") = "AttendanceAPI2.Services", "..\AttendanceAPI2.Services\AttendanceAPI2.Services.csproj", "{DAB71238-CDB2-452F-96BE-BA9A4E6C5E8B}"
EndProject
Project("{FAE04EC0-301F-11D3-BF4B-00C04F79EFBC}") = "AttendanceAPI2.DataAccess", "..\AttendanceAPI2.DataAccess\AttendanceAPI2.DataAccess.csproj", "{E5D08F34-663F-4094-AC41-D9802D795A93}"
EndProject
Global
	GlobalSection(SolutionConfigurationPlatforms) = preSolution
		Debug|Any CPU = Debug|Any CPU
		Release|Any CPU = Release|Any CPU
	EndGlobalSection
	GlobalSection(ProjectConfigurationPlatforms) = postSolution
		{F93DB46F-5D9F-45F9-94C9-257CDE88B914}.Debug|Any CPU.ActiveCfg = Debug|Any CPU
		{F93DB46F-5D9F-45F9-94C9-257CDE88B914}.Debug|Any CPU.Build.0 = Debug|Any CPU
		{F93DB46F-5D9F-45F9-94C9-257CDE88B914}.Release|Any CPU.ActiveCfg = Release|Any CPU
		{F93DB46F-5D9F-45F9-94C9-257CDE88B914}.Release|Any CPU.Build.0 = Release|Any CPU
		{DAB71238-CDB2-452F-96BE-BA9A4E6C5E8B}.Debug|Any CPU.ActiveCfg = Debug|Any CPU
		{DAB71238-CDB2-452F-96BE-BA9A4E6C5E8B}.Debug|Any CPU.Build.0 = Debug|Any CPU
		{DAB71238-CDB2-452F-96BE-BA9A4E6C5E8B}.Release|Any CPU.ActiveCfg = Release|Any CPU
		{DAB71238-CDB2-452F-96BE-BA9A4E6C5E8B}.Release|Any CPU.Build.0 = Release|Any CPU
		{E5D08F34-663F-4094-AC41-D9802D795A93}.Debug|Any CPU.ActiveCfg = Debug|Any CPU
		{E5D08F34-663F-4094-AC41-D9802D795A93}.Debug|Any CPU.Build.0 = Debug|Any CPU
		{E5D08F34-663F-4094-AC41-D9802D795A93}.Release|Any CPU.ActiveCfg = Release|Any CPU
		{E5D08F34-663F-4094-AC41-D9802D795A93}.Release|Any CPU.Build.0 = Release|Any CPU
	EndGlobalSection
	GlobalSection(SolutionProperties) = preSolution
		HideSolutionNode = FALSE
	EndGlobalSection
	GlobalSection(ExtensibilityGlobals) = postSolution
		SolutionGuid = {ACA93EF6-2DF9-44FF-ADE4-A9B6405DAC4C}
	EndGlobalSection
EndGlobal
