
Microsoft Visual Studio Solution File, Format Version 12.00
# Visual Studio Version 17
VisualStudioVersion = 17.7.34202.233
MinimumVisualStudioVersion = 10.0.40219.1
Project("{9A19103F-16F7-4668-BE54-9A1E7A4F7556}") = "WebApplication6", "WebApplication6.csproj", "{EBADCE49-A247-4C23-A7F4-16CBBDED4412}"
EndProject
Global
	GlobalSection(SolutionConfigurationPlatforms) = preSolution
		Debug|Any CPU = Debug|Any CPU
		Release|Any CPU = Release|Any CPU
	EndGlobalSection
	GlobalSection(ProjectConfigurationPlatforms) = postSolution
		{EBADCE49-A247-4C23-A7F4-16CBBDED4412}.Debug|Any CPU.ActiveCfg = Debug|Any CPU
		{EBADCE49-A247-4C23-A7F4-16CBBDED4412}.Debug|Any CPU.Build.0 = Debug|Any CPU
		{EBADCE49-A247-4C23-A7F4-16CBBDED4412}.Release|Any CPU.ActiveCfg = Release|Any CPU
		{EBADCE49-A247-4C23-A7F4-16CBBDED4412}.Release|Any CPU.Build.0 = Release|Any CPU
	EndGlobalSection
	GlobalSection(SolutionProperties) = preSolution
		HideSolutionNode = FALSE
	EndGlobalSection
	GlobalSection(ExtensibilityGlobals) = postSolution
		SolutionGuid = {2E6413FC-9CA9-4921-AEDD-F56A6DB7626A}
	EndGlobalSection
EndGlobal
